
Microsoft Visual Studio Solution File, Format Version 12.00
# Visual Studio 15
VisualStudioVersion = 15.0.28307.572
MinimumVisualStudioVersion = 10.0.40219.1
Project("{FAE04EC0-301F-11D3-BF4B-00C04F79EFBC}") = "01-ByteBank", "01-ByteBank\01-ByteBank.csproj", "{B81548BA-D735-47AB-BED3-823292451417}"
EndProject
Project("{FAE04EC0-301F-11D3-BF4B-00C04F79EFBC}") = "02-ByteBank", "02-ByteBank\02-ByteBank.csproj", "{E617A2F9-5A93-45AD-9998-7667450D1CC0}"
EndProject
Project("{FAE04EC0-301F-11D3-BF4B-00C04F79EFBC}") = "03-ByteBank", "03-ByteBank\03-ByteBank.csproj", "{6638A94C-470C-4A4F-B906-FCF4D37EB204}"
EndProject
Project("{FAE04EC0-301F-11D3-BF4B-00C04F79EFBC}") = "07-ByteBank", "07-ByteBank\07-ByteBank.csproj", "{E02A9F3D-BA85-40E1-BDD4-06B18DDE338F}"
EndProject
Project("{FAE04EC0-301F-11D3-BF4B-00C04F79EFBC}") = "08-ByteBank", "08-ByteBank\08-ByteBank.csproj", "{51E0B17F-C514-478C-91DA-4FED6BEE17C8}"
EndProject
Project("{FAE04EC0-301F-11D3-BF4B-00C04F79EFBC}") = "09-ByteBank", "09-ByteBank\09-ByteBank.csproj", "{13BBC56C-E120-4F02-8F5E-630EB5822DB6}"
EndProject
Project("{FAE04EC0-301F-11D3-BF4B-00C04F79EFBC}") = "10-ByteBank", "10-ByteBank\10-ByteBank.csproj", "{4BC12C1D-A684-4213-AC26-7761A70FCFD2}"
EndProject
Project("{FAE04EC0-301F-11D3-BF4B-00C04F79EFBC}") = "11-ByteBank-Set-Get", "11-ByteBank-Set-Get\11-ByteBank-Set-Get.csproj", "{0E09212C-5869-429A-A08C-A5E8A8026B50}"
EndProject
Project("{FAE04EC0-301F-11D3-BF4B-00C04F79EFBC}") = "12-ByteBank-Constructor", "11-ByteBank-Constructor\12-ByteBank-Constructor.csproj", "{4DFC5700-E0F1-4B5B-9F64-A3BEE0414330}"
EndProject
Global
	GlobalSection(SolutionConfigurationPlatforms) = preSolution
		Debug|Any CPU = Debug|Any CPU
		Release|Any CPU = Release|Any CPU
	EndGlobalSection
	GlobalSection(ProjectConfigurationPlatforms) = postSolution
		{B81548BA-D735-47AB-BED3-823292451417}.Debug|Any CPU.ActiveCfg = Debug|Any CPU
		{B81548BA-D735-47AB-BED3-823292451417}.Debug|Any CPU.Build.0 = Debug|Any CPU
		{B81548BA-D735-47AB-BED3-823292451417}.Release|Any CPU.ActiveCfg = Release|Any CPU
		{B81548BA-D735-47AB-BED3-823292451417}.Release|Any CPU.Build.0 = Release|Any CPU
		{E617A2F9-5A93-45AD-9998-7667450D1CC0}.Debug|Any CPU.ActiveCfg = Debug|Any CPU
		{E617A2F9-5A93-45AD-9998-7667450D1CC0}.Debug|Any CPU.Build.0 = Debug|Any CPU
		{E617A2F9-5A93-45AD-9998-7667450D1CC0}.Release|Any CPU.ActiveCfg = Release|Any CPU
		{E617A2F9-5A93-45AD-9998-7667450D1CC0}.Release|Any CPU.Build.0 = Release|Any CPU
		{6638A94C-470C-4A4F-B906-FCF4D37EB204}.Debug|Any CPU.ActiveCfg = Debug|Any CPU
		{6638A94C-470C-4A4F-B906-FCF4D37EB204}.Debug|Any CPU.Build.0 = Debug|Any CPU
		{6638A94C-470C-4A4F-B906-FCF4D37EB204}.Release|Any CPU.ActiveCfg = Release|Any CPU
		{6638A94C-470C-4A4F-B906-FCF4D37EB204}.Release|Any CPU.Build.0 = Release|Any CPU
		{E02A9F3D-BA85-40E1-BDD4-06B18DDE338F}.Debug|Any CPU.ActiveCfg = Debug|Any CPU
		{E02A9F3D-BA85-40E1-BDD4-06B18DDE338F}.Debug|Any CPU.Build.0 = Debug|Any CPU
		{E02A9F3D-BA85-40E1-BDD4-06B18DDE338F}.Release|Any CPU.ActiveCfg = Release|Any CPU
		{E02A9F3D-BA85-40E1-BDD4-06B18DDE338F}.Release|Any CPU.Build.0 = Release|Any CPU
		{51E0B17F-C514-478C-91DA-4FED6BEE17C8}.Debug|Any CPU.ActiveCfg = Debug|Any CPU
		{51E0B17F-C514-478C-91DA-4FED6BEE17C8}.Debug|Any CPU.Build.0 = Debug|Any CPU
		{51E0B17F-C514-478C-91DA-4FED6BEE17C8}.Release|Any CPU.ActiveCfg = Release|Any CPU
		{51E0B17F-C514-478C-91DA-4FED6BEE17C8}.Release|Any CPU.Build.0 = Release|Any CPU
		{13BBC56C-E120-4F02-8F5E-630EB5822DB6}.Debug|Any CPU.ActiveCfg = Debug|Any CPU
		{13BBC56C-E120-4F02-8F5E-630EB5822DB6}.Debug|Any CPU.Build.0 = Debug|Any CPU
		{13BBC56C-E120-4F02-8F5E-630EB5822DB6}.Release|Any CPU.ActiveCfg = Release|Any CPU
		{13BBC56C-E120-4F02-8F5E-630EB5822DB6}.Release|Any CPU.Build.0 = Release|Any CPU
		{4BC12C1D-A684-4213-AC26-7761A70FCFD2}.Debug|Any CPU.ActiveCfg = Debug|Any CPU
		{4BC12C1D-A684-4213-AC26-7761A70FCFD2}.Debug|Any CPU.Build.0 = Debug|Any CPU
		{4BC12C1D-A684-4213-AC26-7761A70FCFD2}.Release|Any CPU.ActiveCfg = Release|Any CPU
		{4BC12C1D-A684-4213-AC26-7761A70FCFD2}.Release|Any CPU.Build.0 = Release|Any CPU
		{0E09212C-5869-429A-A08C-A5E8A8026B50}.Debug|Any CPU.ActiveCfg = Debug|Any CPU
		{0E09212C-5869-429A-A08C-A5E8A8026B50}.Debug|Any CPU.Build.0 = Debug|Any CPU
		{0E09212C-5869-429A-A08C-A5E8A8026B50}.Release|Any CPU.ActiveCfg = Release|Any CPU
		{0E09212C-5869-429A-A08C-A5E8A8026B50}.Release|Any CPU.Build.0 = Release|Any CPU
		{4DFC5700-E0F1-4B5B-9F64-A3BEE0414330}.Debug|Any CPU.ActiveCfg = Debug|Any CPU
		{4DFC5700-E0F1-4B5B-9F64-A3BEE0414330}.Debug|Any CPU.Build.0 = Debug|Any CPU
		{4DFC5700-E0F1-4B5B-9F64-A3BEE0414330}.Release|Any CPU.ActiveCfg = Release|Any CPU
		{4DFC5700-E0F1-4B5B-9F64-A3BEE0414330}.Release|Any CPU.Build.0 = Release|Any CPU
	EndGlobalSection
	GlobalSection(SolutionProperties) = preSolution
		HideSolutionNode = FALSE
	EndGlobalSection
	GlobalSection(ExtensibilityGlobals) = postSolution
		SolutionGuid = {56F0D083-BC60-476F-BE3B-032647908E61}
	EndGlobalSection
EndGlobal
